
Microsoft Visual Studio Solution File, Format Version 12.00
# Visual Studio Version 16
VisualStudioVersion = 16.0.30907.101
MinimumVisualStudioVersion = 10.0.40219.1
Project("{FAE04EC0-301F-11D3-BF4B-00C04F79EFBC}") = "HepsiBuradaTestProjectUI", "HepsiBuradaTestProjectUI\HepsiBuradaTestProjectUI.csproj", "{CD119079-57B4-4446-B9AA-4EFBFDB5EC46}"
EndProject
Global
	GlobalSection(SolutionConfigurationPlatforms) = preSolution
		Debug|Any CPU = Debug|Any CPU
		Release|Any CPU = Release|Any CPU
	EndGlobalSection
	GlobalSection(ProjectConfigurationPlatforms) = postSolution
		{CD119079-57B4-4446-B9AA-4EFBFDB5EC46}.Debug|Any CPU.ActiveCfg = Debug|Any CPU
		{CD119079-57B4-4446-B9AA-4EFBFDB5EC46}.Debug|Any CPU.Build.0 = Debug|Any CPU
		{CD119079-57B4-4446-B9AA-4EFBFDB5EC46}.Release|Any CPU.ActiveCfg = Release|Any CPU
		{CD119079-57B4-4446-B9AA-4EFBFDB5EC46}.Release|Any CPU.Build.0 = Release|Any CPU
	EndGlobalSection
	GlobalSection(SolutionProperties) = preSolution
		HideSolutionNode = FALSE
	EndGlobalSection
	GlobalSection(ExtensibilityGlobals) = postSolution
		SolutionGuid = {657CB92E-C7EA-49D0-A3ED-81BD4B80EAE4}
	EndGlobalSection
EndGlobal
